
Microsoft Visual Studio Solution File, Format Version 12.00
# Visual Studio Version 17
VisualStudioVersion = 17.0.31903.59
MinimumVisualStudioVersion = 10.0.40219.1
Project("{FAE04EC0-301F-11D3-BF4B-00C04F79EFBC}") = "EmailOrderApp.Domain", "EmailOrderApp.Domain\EmailOrderApp.Domain.csproj", "{D9B4399C-F9F7-4158-B15E-FF99351AE62F}"
EndProject
Project("{FAE04EC0-301F-11D3-BF4B-00C04F79EFBC}") = "EmailOrderApp.Application", "EmailOrderApp.Application\EmailOrderApp.Application.csproj", "{C4EBC6B3-6F47-482B-A9CE-9C02D996DB04}"
EndProject
Project("{FAE04EC0-301F-11D3-BF4B-00C04F79EFBC}") = "EmailOrderApp.Infrastructure", "EmailOrderApp.Infrastructure\EmailOrderApp.Infrastructure.csproj", "{02E2AB59-37F6-4309-8238-8907E52172AB}"
EndProject
Project("{FAE04EC0-301F-11D3-BF4B-00C04F79EFBC}") = "EmailOrderApp.BlazorServerUI", "EmailOrderApp.BlazorServerUI\EmailOrderApp.BlazorServerUI.csproj", "{8734F407-0457-4207-B7AD-B5B4B078BA3C}"
EndProject
Global
	GlobalSection(SolutionConfigurationPlatforms) = preSolution
		Debug|Any CPU = Debug|Any CPU
		Debug|x64 = Debug|x64
		Debug|x86 = Debug|x86
		Release|Any CPU = Release|Any CPU
		Release|x64 = Release|x64
		Release|x86 = Release|x86
	EndGlobalSection
	GlobalSection(ProjectConfigurationPlatforms) = postSolution
		{D9B4399C-F9F7-4158-B15E-FF99351AE62F}.Debug|Any CPU.ActiveCfg = Debug|Any CPU
		{D9B4399C-F9F7-4158-B15E-FF99351AE62F}.Debug|Any CPU.Build.0 = Debug|Any CPU
		{D9B4399C-F9F7-4158-B15E-FF99351AE62F}.Debug|x64.ActiveCfg = Debug|Any CPU
		{D9B4399C-F9F7-4158-B15E-FF99351AE62F}.Debug|x64.Build.0 = Debug|Any CPU
		{D9B4399C-F9F7-4158-B15E-FF99351AE62F}.Debug|x86.ActiveCfg = Debug|Any CPU
		{D9B4399C-F9F7-4158-B15E-FF99351AE62F}.Debug|x86.Build.0 = Debug|Any CPU
		{D9B4399C-F9F7-4158-B15E-FF99351AE62F}.Release|Any CPU.ActiveCfg = Release|Any CPU
		{D9B4399C-F9F7-4158-B15E-FF99351AE62F}.Release|Any CPU.Build.0 = Release|Any CPU
		{D9B4399C-F9F7-4158-B15E-FF99351AE62F}.Release|x64.ActiveCfg = Release|Any CPU
		{D9B4399C-F9F7-4158-B15E-FF99351AE62F}.Release|x64.Build.0 = Release|Any CPU
		{D9B4399C-F9F7-4158-B15E-FF99351AE62F}.Release|x86.ActiveCfg = Release|Any CPU
		{D9B4399C-F9F7-4158-B15E-FF99351AE62F}.Release|x86.Build.0 = Release|Any CPU
		{C4EBC6B3-6F47-482B-A9CE-9C02D996DB04}.Debug|Any CPU.ActiveCfg = Debug|Any CPU
		{C4EBC6B3-6F47-482B-A9CE-9C02D996DB04}.Debug|Any CPU.Build.0 = Debug|Any CPU
		{C4EBC6B3-6F47-482B-A9CE-9C02D996DB04}.Debug|x64.ActiveCfg = Debug|Any CPU
		{C4EBC6B3-6F47-482B-A9CE-9C02D996DB04}.Debug|x64.Build.0 = Debug|Any CPU
		{C4EBC6B3-6F47-482B-A9CE-9C02D996DB04}.Debug|x86.ActiveCfg = Debug|Any CPU
		{C4EBC6B3-6F47-482B-A9CE-9C02D996DB04}.Debug|x86.Build.0 = Debug|Any CPU
		{C4EBC6B3-6F47-482B-A9CE-9C02D996DB04}.Release|Any CPU.ActiveCfg = Release|Any CPU
		{C4EBC6B3-6F47-482B-A9CE-9C02D996DB04}.Release|Any CPU.Build.0 = Release|Any CPU
		{C4EBC6B3-6F47-482B-A9CE-9C02D996DB04}.Release|x64.ActiveCfg = Release|Any CPU
		{C4EBC6B3-6F47-482B-A9CE-9C02D996DB04}.Release|x64.Build.0 = Release|Any CPU
		{C4EBC6B3-6F47-482B-A9CE-9C02D996DB04}.Release|x86.ActiveCfg = Release|Any CPU
		{C4EBC6B3-6F47-482B-A9CE-9C02D996DB04}.Release|x86.Build.0 = Release|Any CPU
		{02E2AB59-37F6-4309-8238-8907E52172AB}.Debug|Any CPU.ActiveCfg = Debug|Any CPU
		{02E2AB59-37F6-4309-8238-8907E52172AB}.Debug|Any CPU.Build.0 = Debug|Any CPU
		{02E2AB59-37F6-4309-8238-8907E52172AB}.Debug|x64.ActiveCfg = Debug|Any CPU
		{02E2AB59-37F6-4309-8238-8907E52172AB}.Debug|x64.Build.0 = Debug|Any CPU
		{02E2AB59-37F6-4309-8238-8907E52172AB}.Debug|x86.ActiveCfg = Debug|Any CPU
		{02E2AB59-37F6-4309-8238-8907E52172AB}.Debug|x86.Build.0 = Debug|Any CPU
		{02E2AB59-37F6-4309-8238-8907E52172AB}.Release|Any CPU.ActiveCfg = Release|Any CPU
		{02E2AB59-37F6-4309-8238-8907E52172AB}.Release|Any CPU.Build.0 = Release|Any CPU
		{02E2AB59-37F6-4309-8238-8907E52172AB}.Release|x64.ActiveCfg = Release|Any CPU
		{02E2AB59-37F6-4309-8238-8907E52172AB}.Release|x64.Build.0 = Release|Any CPU
		{02E2AB59-37F6-4309-8238-8907E52172AB}.Release|x86.ActiveCfg = Release|Any CPU
		{02E2AB59-37F6-4309-8238-8907E52172AB}.Release|x86.Build.0 = Release|Any CPU
		{8734F407-0457-4207-B7AD-B5B4B078BA3C}.Debug|Any CPU.ActiveCfg = Debug|Any CPU
		{8734F407-0457-4207-B7AD-B5B4B078BA3C}.Debug|Any CPU.Build.0 = Debug|Any CPU
		{8734F407-0457-4207-B7AD-B5B4B078BA3C}.Debug|x64.ActiveCfg = Debug|Any CPU
		{8734F407-0457-4207-B7AD-B5B4B078BA3C}.Debug|x64.Build.0 = Debug|Any CPU
		{8734F407-0457-4207-B7AD-B5B4B078BA3C}.Debug|x86.ActiveCfg = Debug|Any CPU
		{8734F407-0457-4207-B7AD-B5B4B078BA3C}.Debug|x86.Build.0 = Debug|Any CPU
		{8734F407-0457-4207-B7AD-B5B4B078BA3C}.Release|Any CPU.ActiveCfg = Release|Any CPU
		{8734F407-0457-4207-B7AD-B5B4B078BA3C}.Release|Any CPU.Build.0 = Release|Any CPU
		{8734F407-0457-4207-B7AD-B5B4B078BA3C}.Release|x64.ActiveCfg = Release|Any CPU
		{8734F407-0457-4207-B7AD-B5B4B078BA3C}.Release|x64.Build.0 = Release|Any CPU
		{8734F407-0457-4207-B7AD-B5B4B078BA3C}.Release|x86.ActiveCfg = Release|Any CPU
		{8734F407-0457-4207-B7AD-B5B4B078BA3C}.Release|x86.Build.0 = Release|Any CPU
	EndGlobalSection
	GlobalSection(SolutionProperties) = preSolution
		HideSolutionNode = FALSE
	EndGlobalSection
EndGlobal
